// !$*UTF8*$!
{
	archiveVersion = 1;
	classes = {
	};
	objectVersion = 55;
	objects = {

/* Begin PBXBuildFile section */
		9CC638B827F8BBCB006B3864 /* HelloStateApp.swift in Sources */ = {isa = PBXBuildFile; fileRef = 9CC638B727F8BBCB006B3864 /* HelloStateApp.swift */; };
		9CC638BA27F8BBCB006B3864 /* ContentView.swift in Sources */ = {isa = PBXBuildFile; fileRef = 9CC638B927F8BBCB006B3864 /* ContentView.swift */; };
		9CC638BC27F8BBCC006B3864 /* Assets.xcassets in Resources */ = {isa = PBXBuildFile; fileRef = 9CC638BB27F8BBCC006B3864 /* Assets.xcassets */; };
		9CC638BF27F8BBCC006B3864 /* Preview Assets.xcassets in Resources */ = {isa = PBXBuildFile; fileRef = 9CC638BE27F8BBCC006B3864 /* Preview Assets.xcassets */; };
		9CC638C727F8BCE8006B3864 /* Task.swift in Sources */ = {isa = PBXBuildFile; fileRef = 9CC638C627F8BCE8006B3864 /* Task.swift */; };
		9CC638C927F8BF83006B3864 /* Dish.swift in Sources */ = {isa = PBXBuildFile; fileRef = 9CC638C827F8BF83006B3864 /* Dish.swift */; };
		9CC638CB27F8D170006B3864 /* Episode.swift in Sources */ = {isa = PBXBuildFile; fileRef = 9CC638CA27F8D170006B3864 /* Episode.swift */; };
		9CC638CD27F8D4DB006B3864 /* FancyTimer.swift in Sources */ = {isa = PBXBuildFile; fileRef = 9CC638CC27F8D4DB006B3864 /* FancyTimer.swift */; };
		9CC638CF27F8D666006B3864 /* UserSettings.swift in Sources */ = {isa = PBXBuildFile; fileRef = 9CC638CE27F8D666006B3864 /* UserSettings.swift */; };
		9CC638D127F8D822006B3864 /* FancyScoreView.swift in Sources */ = {isa = PBXBuildFile; fileRef = 9CC638D027F8D822006B3864 /* FancyScoreView.swift */; };
/* End PBXBuildFile section */

/* Begin PBXFileReference section */
		9CC638B427F8BBCB006B3864 /* HelloState.app */ = {isa = PBXFileReference; explicitFileType = wrapper.application; includeInIndex = 0; path = HelloState.app; sourceTree = BUILT_PRODUCTS_DIR; };
		9CC638B727F8BBCB006B3864 /* HelloStateApp.swift */ = {isa = PBXFileReference; lastKnownFileType = sourcecode.swift; path = HelloStateApp.swift; sourceTree = "<group>"; };
		9CC638B927F8BBCB006B3864 /* ContentView.swift */ = {isa = PBXFileReference; lastKnownFileType = sourcecode.swift; path = ContentView.swift; sourceTree = "<group>"; };
		9CC638BB27F8BBCC006B3864 /* Assets.xcassets */ = {isa = PBXFileReference; lastKnownFileType = folder.assetcatalog; path = Assets.xcassets; sourceTree = "<group>"; };
		9CC638BE27F8BBCC006B3864 /* Preview Assets.xcassets */ = {isa = PBXFileReference; lastKnownFileType = folder.assetcatalog; path = "Preview Assets.xcassets"; sourceTree = "<group>"; };
		9CC638C627F8BCE8006B3864 /* Task.swift */ = {isa = PBXFileReference; lastKnownFileType = sourcecode.swift; path = Task.swift; sourceTree = "<group>"; };
		9CC638C827F8BF83006B3864 /* Dish.swift */ = {isa = PBXFileReference; lastKnownFileType = sourcecode.swift; path = Dish.swift; sourceTree = "<group>"; };
		9CC638CA27F8D170006B3864 /* Episode.swift */ = {isa = PBXFileReference; lastKnownFileType = sourcecode.swift; path = Episode.swift; sourceTree = "<group>"; };
		9CC638CC27F8D4DB006B3864 /* FancyTimer.swift */ = {isa = PBXFileReference; lastKnownFileType = sourcecode.swift; path = FancyTimer.swift; sourceTree = "<group>"; };
		9CC638CE27F8D666006B3864 /* UserSettings.swift */ = {isa = PBXFileReference; lastKnownFileType = sourcecode.swift; path = UserSettings.swift; sourceTree = "<group>"; };
		9CC638D027F8D822006B3864 /* FancyScoreView.swift */ = {isa = PBXFileReference; lastKnownFileType = sourcecode.swift; path = FancyScoreView.swift; sourceTree = "<group>"; };
/* End PBXFileReference section */

/* Begin PBXFrameworksBuildPhase section */
		9CC638B127F8BBCB006B3864 /* Frameworks */ = {
			isa = PBXFrameworksBuildPhase;
			buildActionMask = 2147483647;
			files = (
			);
			runOnlyForDeploymentPostprocessing = 0;
		};
/* End PBXFrameworksBuildPhase section */

/* Begin PBXGroup section */
		9CC638AB27F8BBCB006B3864 = {
			isa = PBXGroup;
			children = (
				9CC638B627F8BBCB006B3864 /* HelloState */,
				9CC638B527F8BBCB006B3864 /* Products */,
			);
			sourceTree = "<group>";
		};
		9CC638B527F8BBCB006B3864 /* Products */ = {
			isa = PBXGroup;
			children = (
				9CC638B427F8BBCB006B3864 /* HelloState.app */,
			);
			name = Products;
			sourceTree = "<group>";
		};
		9CC638B627F8BBCB006B3864 /* HelloState */ = {
			isa = PBXGroup;
			children = (
				9CC638C527F8BCDC006B3864 /* Models */,
				9CC638B727F8BBCB006B3864 /* HelloStateApp.swift */,
				9CC638B927F8BBCB006B3864 /* ContentView.swift */,
				9CC638BB27F8BBCC006B3864 /* Assets.xcassets */,
				9CC638BD27F8BBCC006B3864 /* Preview Content */,
				9CC638CC27F8D4DB006B3864 /* FancyTimer.swift */,
				9CC638CE27F8D666006B3864 /* UserSettings.swift */,
				9CC638D027F8D822006B3864 /* FancyScoreView.swift */,
			);
			path = HelloState;
			sourceTree = "<group>";
		};
		9CC638BD27F8BBCC006B3864 /* Preview Content */ = {
			isa = PBXGroup;
			children = (
				9CC638BE27F8BBCC006B3864 /* Preview Assets.xcassets */,
			);
			path = "Preview Content";
			sourceTree = "<group>";
		};
		9CC638C527F8BCDC006B3864 /* Models */ = {
			isa = PBXGroup;
			children = (
				9CC638C627F8BCE8006B3864 /* Task.swift */,
				9CC638C827F8BF83006B3864 /* Dish.swift */,
				9CC638CA27F8D170006B3864 /* Episode.swift */,
			);
			path = Models;
			sourceTree = "<group>";
		};
/* End PBXGroup section */

/* Begin PBXNativeTarget section */
		9CC638B327F8BBCB006B3864 /* HelloState */ = {
			isa = PBXNativeTarget;
			buildConfigurationList = 9CC638C227F8BBCC006B3864 /* Build configuration list for PBXNativeTarget "HelloState" */;
			buildPhases = (
				9CC638B027F8BBCB006B3864 /* Sources */,
				9CC638B127F8BBCB006B3864 /* Frameworks */,
				9CC638B227F8BBCB006B3864 /* Resources */,
			);
			buildRules = (
			);
			dependencies = (
			);
			name = HelloState;
			productName = HelloState;
			productReference = 9CC638B427F8BBCB006B3864 /* HelloState.app */;
			productType = "com.apple.product-type.application";
		};
/* End PBXNativeTarget section */

/* Begin PBXProject section */
		9CC638AC27F8BBCB006B3864 /* Project object */ = {
			isa = PBXProject;
			attributes = {
				BuildIndependentTargetsInParallel = 1;
				LastSwiftUpdateCheck = 1320;
				LastUpgradeCheck = 1320;
				TargetAttributes = {
					9CC638B327F8BBCB006B3864 = {
						CreatedOnToolsVersion = 13.2.1;
					};
				};
			};
			buildConfigurationList = 9CC638AF27F8BBCB006B3864 /* Build configuration list for PBXProject "HelloState" */;
			compatibilityVersion = "Xcode 13.0";
			developmentRegion = en;
			hasScannedForEncodings = 0;
			knownRegions = (
				en,
				Base,
			);
			mainGroup = 9CC638AB27F8BBCB006B3864;
			productRefGroup = 9CC638B527F8BBCB006B3864 /* Products */;
			projectDirPath = "";
			projectRoot = "";
			targets = (
				9CC638B327F8BBCB006B3864 /* HelloState */,
			);
		};
/* End PBXProject section */

/* Begin PBXResourcesBuildPhase section */
		9CC638B227F8BBCB006B3864 /* Resources */ = {
			isa = PBXResourcesBuildPhase;
			buildActionMask = 2147483647;
			files = (
				9CC638BF27F8BBCC006B3864 /* Preview Assets.xcassets in Resources */,
				9CC638BC27F8BBCC006B3864 /* Assets.xcassets in Resources */,
			);
			runOnlyForDeploymentPostprocessing = 0;
		};
/* End PBXResourcesBuildPhase section */

/* Begin PBXSourcesBuildPhase section */
		9CC638B027F8BBCB006B3864 /* Sources */ = {
			isa = PBXSourcesBuildPhase;
			buildActionMask = 2147483647;
			files = (
				9CC638BA27F8BBCB006B3864 /* ContentView.swift in Sources */,
				9CC638C927F8BF83006B3864 /* Dish.swift in Sources */,
				9CC638C727F8BCE8006B3864 /* Task.swift in Sources */,
				9CC638CB27F8D170006B3864 /* Episode.swift in Sources */,
				9CC638CF27F8D666006B3864 /* UserSettings.swift in Sources */,
				9CC638B827F8BBCB006B3864 /* HelloStateApp.swift in Sources */,
				9CC638CD27F8D4DB006B3864 /* FancyTimer.swift in Sources */,
				9CC638D127F8D822006B3864 /* FancyScoreView.swift in Sources */,
			);
			runOnlyForDeploymentPostprocessing = 0;
		};
/* End PBXSourcesBuildPhase section */

/* Begin XCBuildConfiguration section */
		9CC638C027F8BBCC006B3864 /* Debug */ = {
			isa = XCBuildConfiguration;
			buildSettings = {
				ALWAYS_SEARCH_USER_PATHS = NO;
				CLANG_ANALYZER_NONNULL = YES;
				CLANG_ANALYZER_NUMBER_OBJECT_CONVERSION = YES_AGGRESSIVE;
				CLANG_CXX_LANGUAGE_STANDARD = "gnu++17";
				CLANG_CXX_LIBRARY = "libc++";
				CLANG_ENABLE_MODULES = YES;
				CLANG_ENABLE_OBJC_ARC = YES;
				CLANG_ENABLE_OBJC_WEAK = YES;
				CLANG_WARN_BLOCK_CAPTURE_AUTORELEASING = YES;
				CLANG_WARN_BOOL_CONVERSION = YES;
				CLANG_WARN_COMMA = YES;
				CLANG_WARN_CONSTANT_CONVERSION = YES;
				CLANG_WARN_DEPRECATED_OBJC_IMPLEMENTATIONS = YES;
				CLANG_WARN_DIRECT_OBJC_ISA_USAGE = YES_ERROR;
				CLANG_WARN_DOCUMENTATION_COMMENTS = YES;
				CLANG_WARN_EMPTY_BODY = YES;
				CLANG_WARN_ENUM_CONVERSION = YES;
				CLANG_WARN_INFINITE_RECURSION = YES;
				CLANG_WARN_INT_CONVERSION = YES;
				CLANG_WARN_NON_LITERAL_NULL_CONVERSION = YES;
				CLANG_WARN_OBJC_IMPLICIT_RETAIN_SELF = YES;
				CLANG_WARN_OBJC_LITERAL_CONVERSION = YES;
				CLANG_WARN_OBJC_ROOT_CLASS = YES_ERROR;
				CLANG_WARN_QUOTED_INCLUDE_IN_FRAMEWORK_HEADER = YES;
				CLANG_WARN_RANGE_LOOP_ANALYSIS = YES;
				CLANG_WARN_STRICT_PROTOTYPES = YES;
				CLANG_WARN_SUSPICIOUS_MOVE = YES;
				CLANG_WARN_UNGUARDED_AVAILABILITY = YES_AGGRESSIVE;
				CLANG_WARN_UNREACHABLE_CODE = YES;
				CLANG_WARN__DUPLICATE_METHOD_MATCH = YES;
				COPY_PHASE_STRIP = NO;
				DEBUG_INFORMATION_FORMAT = dwarf;
				ENABLE_STRICT_OBJC_MSGSEND = YES;
				ENABLE_TESTABILITY = YES;
				GCC_C_LANGUAGE_STANDARD = gnu11;
				GCC_DYNAMIC_NO_PIC = NO;
				GCC_NO_COMMON_BLOCKS = YES;
				GCC_OPTIMIZATION_LEVEL = 0;
				GCC_PREPROCESSOR_DEFINITIONS = (
					"DEBUG=1",
					"$(inherited)",
				);
				GCC_WARN_64_TO_32_BIT_CONVERSION = YES;
				GCC_WARN_ABOUT_RETURN_TYPE = YES_ERROR;
				GCC_WARN_UNDECLARED_SELECTOR = YES;
				GCC_WARN_UNINITIALIZED_AUTOS = YES_AGGRESSIVE;
				GCC_WARN_UNUSED_FUNCTION = YES;
				GCC_WARN_UNUSED_VARIABLE = YES;
				IPHONEOS_DEPLOYMENT_TARGET = 15.2;
				MTL_ENABLE_DEBUG_INFO = INCLUDE_SOURCE;
				MTL_FAST_MATH = YES;
				ONLY_ACTIVE_ARCH = YES;
				SDKROOT = iphoneos;
				SWIFT_ACTIVE_COMPILATION_CONDITIONS = DEBUG;
				SWIFT_OPTIMIZATION_LEVEL = "-Onone";
			};
			name = Debug;
		};
		9CC638C127F8BBCC006B3864 /* Release */ = {
			isa = XCBuildConfiguration;
			buildSettings = {
				ALWAYS_SEARCH_USER_PATHS = NO;
				CLANG_ANALYZER_NONNULL = YES;
				CLANG_ANALYZER_NUMBER_OBJECT_CONVERSION = YES_AGGRESSIVE;
				CLANG_CXX_LANGUAGE_STANDARD = "gnu++17";
				CLANG_CXX_LIBRARY = "libc++";
				CLANG_ENABLE_MODULES = YES;
				CLANG_ENABLE_OBJC_ARC = YES;
				CLANG_ENABLE_OBJC_WEAK = YES;
				CLANG_WARN_BLOCK_CAPTURE_AUTORELEASING = YES;
				CLANG_WARN_BOOL_CONVERSION = YES;
				CLANG_WARN_COMMA = YES;
				CLANG_WARN_CONSTANT_CONVERSION = YES;
				CLANG_WARN_DEPRECATED_OBJC_IMPLEMENTATIONS = YES;
				CLANG_WARN_DIRECT_OBJC_ISA_USAGE = YES_ERROR;
				CLANG_WARN_DOCUMENTATION_COMMENTS = YES;
				CLANG_WARN_EMPTY_BODY = YES;
				CLANG_WARN_ENUM_CONVERSION = YES;
				CLANG_WARN_INFINITE_RECURSION = YES;
				CLANG_WARN_INT_CONVERSION = YES;
				CLANG_WARN_NON_LITERAL_NULL_CONVERSION = YES;
				CLANG_WARN_OBJC_IMPLICIT_RETAIN_SELF = YES;
				CLANG_WARN_OBJC_LITERAL_CONVERSION = YES;
				CLANG_WARN_OBJC_ROOT_CLASS = YES_ERROR;
				CLANG_WARN_QUOTED_INCLUDE_IN_FRAMEWORK_HEADER = YES;
				CLANG_WARN_RANGE_LOOP_ANALYSIS = YES;
				CLANG_WARN_STRICT_PROTOTYPES = YES;
				CLANG_WARN_SUSPICIOUS_MOVE = YES;
				CLANG_WARN_UNGUARDED_AVAILABILITY = YES_AGGRESSIVE;
				CLANG_WARN_UNREACHABLE_CODE = YES;
				CLANG_WARN__DUPLICATE_METHOD_MATCH = YES;
				COPY_PHASE_STRIP = NO;
				DEBUG_INFORMATION_FORMAT = "dwarf-with-dsym";
				ENABLE_NS_ASSERTIONS = NO;
				ENABLE_STRICT_OBJC_MSGSEND = YES;
				GCC_C_LANGUAGE_STANDARD = gnu11;
				GCC_NO_COMMON_BLOCKS = YES;
				GCC_WARN_64_TO_32_BIT_CONVERSION = YES;
				GCC_WARN_ABOUT_RETURN_TYPE = YES_ERROR;
				GCC_WARN_UNDECLARED_SELECTOR = YES;
				GCC_WARN_UNINITIALIZED_AUTOS = YES_AGGRESSIVE;
				GCC_WARN_UNUSED_FUNCTION = YES;
				GCC_WARN_UNUSED_VARIABLE = YES;
				IPHONEOS_DEPLOYMENT_TARGET = 15.2;
				MTL_ENABLE_DEBUG_INFO = NO;
				MTL_FAST_MATH = YES;
				SDKROOT = iphoneos;
				SWIFT_COMPILATION_MODE = wholemodule;
				SWIFT_OPTIMIZATION_LEVEL = "-O";
				VALIDATE_PRODUCT = YES;
			};
			name = Release;
		};
		9CC638C327F8BBCC006B3864 /* Debug */ = {
			isa = XCBuildConfiguration;
			buildSettings = {
				ASSETCATALOG_COMPILER_APPICON_NAME = AppIcon;
				ASSETCATALOG_COMPILER_GLOBAL_ACCENT_COLOR_NAME = AccentColor;
				CODE_SIGN_STYLE = Automatic;
				CURRENT_PROJECT_VERSION = 1;
				DEVELOPMENT_ASSET_PATHS = "\"HelloState/Preview Content\"";
				DEVELOPMENT_TEAM = 5L637C2H24;
				ENABLE_PREVIEWS = YES;
				GENERATE_INFOPLIST_FILE = YES;
				INFOPLIST_KEY_UIApplicationSceneManifest_Generation = YES;
				INFOPLIST_KEY_UIApplicationSupportsIndirectInputEvents = YES;
				INFOPLIST_KEY_UILaunchScreen_Generation = YES;
				INFOPLIST_KEY_UISupportedInterfaceOrientations_iPad = "UIInterfaceOrientationPortrait UIInterfaceOrientationPortraitUpsideDown UIInterfaceOrientationLandscapeLeft UIInterfaceOrientationLandscapeRight";
				INFOPLIST_KEY_UISupportedInterfaceOrientations_iPhone = "UIInterfaceOrientationPortrait UIInterfaceOrientationLandscapeLeft UIInterfaceOrientationLandscapeRight";
				LD_RUNPATH_SEARCH_PATHS = (
					"$(inherited)",
					"@executable_path/Frameworks",
				);
				MARKETING_VERSION = 1.0;
				PRODUCT_BUNDLE_IDENTIFIER = com.example.HelloState;
				PRODUCT_NAME = "$(TARGET_NAME)";
				SWIFT_EMIT_LOC_STRINGS = YES;
				SWIFT_VERSION = 5.0;
				TARGETED_DEVICE_FAMILY = "1,2";
			};
			name = Debug;
		};
		9CC638C427F8BBCC006B3864 /* Release */ = {
			isa = XCBuildConfiguration;
			buildSettings = {
				ASSETCATALOG_COMPILER_APPICON_NAME = AppIcon;
				ASSETCATALOG_COMPILER_GLOBAL_ACCENT_COLOR_NAME = AccentColor;
				CODE_SIGN_STYLE = Automatic;
				CURRENT_PROJECT_VERSION = 1;
				DEVELOPMENT_ASSET_PATHS = "\"HelloState/Preview Content\"";
				DEVELOPMENT_TEAM = 5L637C2H24;
				ENABLE_PREVIEWS = YES;
				GENERATE_INFOPLIST_FILE = YES;
				INFOPLIST_KEY_UIApplicationSceneManifest_Generation = YES;
				INFOPLIST_KEY_UIApplicationSupportsIndirectInputEvents = YES;
				INFOPLIST_KEY_UILaunchScreen_Generation = YES;
				INFOPLIST_KEY_UISupportedInterfaceOrientations_iPad = "UIInterfaceOrientationPortrait UIInterfaceOrientationPortraitUpsideDown UIInterfaceOrientationLandscapeLeft UIInterfaceOrientationLandscapeRight";
				INFOPLIST_KEY_UISupportedInterfaceOrientations_iPhone = "UIInterfaceOrientationPortrait UIInterfaceOrientationLandscapeLeft UIInterfaceOrientationLandscapeRight";
				LD_RUNPATH_SEARCH_PATHS = (
					"$(inherited)",
					"@executable_path/Frameworks",
				);
				MARKETING_VERSION = 1.0;
				PRODUCT_BUNDLE_IDENTIFIER = com.example.HelloState;
				PRODUCT_NAME = "$(TARGET_NAME)";
				SWIFT_EMIT_LOC_STRINGS = YES;
				SWIFT_VERSION = 5.0;
				TARGETED_DEVICE_FAMILY = "1,2";
			};
			name = Release;
		};
/* End XCBuildConfiguration section */

/* Begin XCConfigurationList section */
		9CC638AF27F8BBCB006B3864 /* Build configuration list for PBXProject "HelloState" */ = {
			isa = XCConfigurationList;
			buildConfigurations = (
				9CC638C027F8BBCC006B3864 /* Debug */,
				9CC638C127F8BBCC006B3864 /* Release */,
			);
			defaultConfigurationIsVisible = 0;
			defaultConfigurationName = Release;
		};
		9CC638C227F8BBCC006B3864 /* Build configuration list for PBXNativeTarget "HelloState" */ = {
			isa = XCConfigurationList;
			buildConfigurations = (
				9CC638C327F8BBCC006B3864 /* Debug */,
				9CC638C427F8BBCC006B3864 /* Release */,
			);
			defaultConfigurationIsVisible = 0;
			defaultConfigurationName = Release;
		};
/* End XCConfigurationList section */
	};
	rootObject = 9CC638AC27F8BBCB006B3864 /* Project object */;
}
